
Microsoft Visual Studio Solution File, Format Version 12.00
# Visual Studio 14
VisualStudioVersion = 14.0.24720.0
MinimumVisualStudioVersion = 10.0.40219.1
Project("{FAE04EC0-301F-11D3-BF4B-00C04F79EFBC}") = "AkkaPrototype", "AkkaPrototype\AkkaPrototype.csproj", "{F7556A0B-5C69-4318-8CED-603D5CF420AD}"
EndProject
Project("{FAE04EC0-301F-11D3-BF4B-00C04F79EFBC}") = "Notifications.Remote", "Notifications.Remote\Notifications.Remote.csproj", "{B711FFB0-B950-4845-B423-7BFD58C6CECF}"
EndProject
Project("{FAE04EC0-301F-11D3-BF4B-00C04F79EFBC}") = "Notifications.Common", "Notifications.Common\Notifications.Common.csproj", "{23461B6C-D6EB-4F54-A8DE-3D23AE1B9734}"
EndProject
Global
	GlobalSection(SolutionConfigurationPlatforms) = preSolution
		Debug|Any CPU = Debug|Any CPU
		Release|Any CPU = Release|Any CPU
	EndGlobalSection
	GlobalSection(ProjectConfigurationPlatforms) = postSolution
		{F7556A0B-5C69-4318-8CED-603D5CF420AD}.Debug|Any CPU.ActiveCfg = Debug|Any CPU
		{F7556A0B-5C69-4318-8CED-603D5CF420AD}.Debug|Any CPU.Build.0 = Debug|Any CPU
		{F7556A0B-5C69-4318-8CED-603D5CF420AD}.Release|Any CPU.ActiveCfg = Release|Any CPU
		{F7556A0B-5C69-4318-8CED-603D5CF420AD}.Release|Any CPU.Build.0 = Release|Any CPU
		{B711FFB0-B950-4845-B423-7BFD58C6CECF}.Debug|Any CPU.ActiveCfg = Debug|Any CPU
		{B711FFB0-B950-4845-B423-7BFD58C6CECF}.Debug|Any CPU.Build.0 = Debug|Any CPU
		{B711FFB0-B950-4845-B423-7BFD58C6CECF}.Release|Any CPU.ActiveCfg = Release|Any CPU
		{B711FFB0-B950-4845-B423-7BFD58C6CECF}.Release|Any CPU.Build.0 = Release|Any CPU
		{23461B6C-D6EB-4F54-A8DE-3D23AE1B9734}.Debug|Any CPU.ActiveCfg = Debug|Any CPU
		{23461B6C-D6EB-4F54-A8DE-3D23AE1B9734}.Debug|Any CPU.Build.0 = Debug|Any CPU
		{23461B6C-D6EB-4F54-A8DE-3D23AE1B9734}.Release|Any CPU.ActiveCfg = Release|Any CPU
		{23461B6C-D6EB-4F54-A8DE-3D23AE1B9734}.Release|Any CPU.Build.0 = Release|Any CPU
	EndGlobalSection
	GlobalSection(SolutionProperties) = preSolution
		HideSolutionNode = FALSE
	EndGlobalSection
EndGlobal
